<?xml version="1.0" encoding="UTF-8"?>
<CodeBlocks_project_file>
	<FileVersion major="1" minor="6"/>
	<Project>
		<Option title="lp1_ufp"/>
		<Option makefile_is_custom="1"/>
		<Option compiler="gcc"/>
		<Option virtualFolders="CMake Files\;"/>
		<Build>
			<Target title="all">
				<Option working_dir="/home/filipe/Documents/university/LP1/lp1_ufp"/>
				<Option type="4"/>
				<MakeCommands>
					<Build command="/usr/bin/make -j4 -f &quot;/home/filipe/Documents/university/LP1/lp1_ufp/Makefile&quot;  VERBOSE=1 all"/>
					<CompileFile command="/usr/bin/make -j4 -f &quot;/home/filipe/Documents/university/LP1/lp1_ufp/Makefile&quot;  VERBOSE=1 &quot;$file&quot;"/>
					<Clean command="/usr/bin/make -j4 -f &quot;/home/filipe/Documents/university/LP1/lp1_ufp/Makefile&quot;  VERBOSE=1 clean"/>
					<DistClean command="/usr/bin/make -j4 -f &quot;/home/filipe/Documents/university/LP1/lp1_ufp/Makefile&quot;  VERBOSE=1 clean"/>
				</MakeCommands>
			</Target>
			<Target title="rebuild_cache">
				<Option working_dir="/home/filipe/Documents/university/LP1/lp1_ufp"/>
				<Option type="4"/>
				<MakeCommands>
					<Build command="/usr/bin/make -j4 -f &quot;/home/filipe/Documents/university/LP1/lp1_ufp/Makefile&quot;  VERBOSE=1 rebuild_cache"/>
					<CompileFile command="/usr/bin/make -j4 -f &quot;/home/filipe/Documents/university/LP1/lp1_ufp/Makefile&quot;  VERBOSE=1 &quot;$file&quot;"/>
					<Clean command="/usr/bin/make -j4 -f &quot;/home/filipe/Documents/university/LP1/lp1_ufp/Makefile&quot;  VERBOSE=1 clean"/>
					<DistClean command="/usr/bin/make -j4 -f &quot;/home/filipe/Documents/university/LP1/lp1_ufp/Makefile&quot;  VERBOSE=1 clean"/>
				</MakeCommands>
			</Target>
			<Target title="edit_cache">
				<Option working_dir="/home/filipe/Documents/university/LP1/lp1_ufp"/>
				<Option type="4"/>
				<MakeCommands>
					<Build command="/usr/bin/make -j4 -f &quot;/home/filipe/Documents/university/LP1/lp1_ufp/Makefile&quot;  VERBOSE=1 edit_cache"/>
					<CompileFile command="/usr/bin/make -j4 -f &quot;/home/filipe/Documents/university/LP1/lp1_ufp/Makefile&quot;  VERBOSE=1 &quot;$file&quot;"/>
					<Clean command="/usr/bin/make -j4 -f &quot;/home/filipe/Documents/university/LP1/lp1_ufp/Makefile&quot;  VERBOSE=1 clean"/>
					<DistClean command="/usr/bin/make -j4 -f &quot;/home/filipe/Documents/university/LP1/lp1_ufp/Makefile&quot;  VERBOSE=1 clean"/>
				</MakeCommands>
			</Target>
			<Target title="lp1_ufp">
				<Option output="/home/filipe/Documents/university/LP1/lp1_ufp/lp1_ufp" prefix_auto="0" extension_auto="0"/>
				<Option working_dir="/home/filipe/Documents/university/LP1/lp1_ufp"/>
				<Option object_output="./"/>
				<Option type="1"/>
				<Option compiler="gcc"/>
				<Compiler>
					<Add directory="/usr/lib/gcc/x86_64-pc-linux-gnu/10.2.0/include"/>
					<Add directory="/usr/local/include"/>
					<Add directory="/usr/lib/gcc/x86_64-pc-linux-gnu/10.2.0/include-fixed"/>
					<Add directory="/usr/include"/>
				</Compiler>
				<MakeCommands>
					<Build command="/usr/bin/make -j4 -f &quot;/home/filipe/Documents/university/LP1/lp1_ufp/Makefile&quot;  VERBOSE=1 lp1_ufp"/>
					<CompileFile command="/usr/bin/make -j4 -f &quot;/home/filipe/Documents/university/LP1/lp1_ufp/Makefile&quot;  VERBOSE=1 &quot;$file&quot;"/>
					<Clean command="/usr/bin/make -j4 -f &quot;/home/filipe/Documents/university/LP1/lp1_ufp/Makefile&quot;  VERBOSE=1 clean"/>
					<DistClean command="/usr/bin/make -j4 -f &quot;/home/filipe/Documents/university/LP1/lp1_ufp/Makefile&quot;  VERBOSE=1 clean"/>
				</MakeCommands>
			</Target>
			<Target title="lp1_ufp/fast">
				<Option output="/home/filipe/Documents/university/LP1/lp1_ufp/lp1_ufp" prefix_auto="0" extension_auto="0"/>
				<Option working_dir="/home/filipe/Documents/university/LP1/lp1_ufp"/>
				<Option object_output="./"/>
				<Option type="1"/>
				<Option compiler="gcc"/>
				<Compiler>
					<Add directory="/usr/lib/gcc/x86_64-pc-linux-gnu/10.2.0/include"/>
					<Add directory="/usr/local/include"/>
					<Add directory="/usr/lib/gcc/x86_64-pc-linux-gnu/10.2.0/include-fixed"/>
					<Add directory="/usr/include"/>
				</Compiler>
				<MakeCommands>
					<Build command="/usr/bin/make -j4 -f &quot;/home/filipe/Documents/university/LP1/lp1_ufp/Makefile&quot;  VERBOSE=1 lp1_ufp/fast"/>
					<CompileFile command="/usr/bin/make -j4 -f &quot;/home/filipe/Documents/university/LP1/lp1_ufp/Makefile&quot;  VERBOSE=1 &quot;$file&quot;"/>
					<Clean command="/usr/bin/make -j4 -f &quot;/home/filipe/Documents/university/LP1/lp1_ufp/Makefile&quot;  VERBOSE=1 clean"/>
					<DistClean command="/usr/bin/make -j4 -f &quot;/home/filipe/Documents/university/LP1/lp1_ufp/Makefile&quot;  VERBOSE=1 clean"/>
				</MakeCommands>
			</Target>
		</Build>
		<Unit filename="/home/filipe/Documents/university/LP1/lp1_ufp/main.c">
			<Option target="lp1_ufp"/>
		</Unit>
		<Unit filename="/home/filipe/Documents/university/LP1/lp1_ufp/pr01.c">
			<Option target="lp1_ufp"/>
		</Unit>
		<Unit filename="/home/filipe/Documents/university/LP1/lp1_ufp/pr01.h">
			<Option target="lp1_ufp"/>
		</Unit>
		<Unit filename="/home/filipe/Documents/university/LP1/lp1_ufp/pr02.c">
			<Option target="lp1_ufp"/>
		</Unit>
		<Unit filename="/home/filipe/Documents/university/LP1/lp1_ufp/pr02.h">
			<Option target="lp1_ufp"/>
		</Unit>
		<Unit filename="/home/filipe/Documents/university/LP1/lp1_ufp/pr03.c">
			<Option target="lp1_ufp"/>
		</Unit>
		<Unit filename="/home/filipe/Documents/university/LP1/lp1_ufp/pr03.h">
			<Option target="lp1_ufp"/>
		</Unit>
		<Unit filename="/home/filipe/Documents/university/LP1/lp1_ufp/pr04.c">
			<Option target="lp1_ufp"/>
		</Unit>
		<Unit filename="/home/filipe/Documents/university/LP1/lp1_ufp/pr04.h">
			<Option target="lp1_ufp"/>
		</Unit>
		<Unit filename="/home/filipe/Documents/university/LP1/lp1_ufp/pr05.c">
			<Option target="lp1_ufp"/>
		</Unit>
		<Unit filename="/home/filipe/Documents/university/LP1/lp1_ufp/pr05.h">
			<Option target="lp1_ufp"/>
		</Unit>
		<Unit filename="/home/filipe/Documents/university/LP1/lp1_ufp/tp03.c">
			<Option target="lp1_ufp"/>
		</Unit>
		<Unit filename="/home/filipe/Documents/university/LP1/lp1_ufp/tp03.h">
			<Option target="lp1_ufp"/>
		</Unit>
		<Unit filename="/home/filipe/Documents/university/LP1/lp1_ufp/tp04.c">
			<Option target="lp1_ufp"/>
		</Unit>
		<Unit filename="/home/filipe/Documents/university/LP1/lp1_ufp/tp04.h">
			<Option target="lp1_ufp"/>
		</Unit>
		<Unit filename="/home/filipe/Documents/university/LP1/lp1_ufp/tp05.c">
			<Option target="lp1_ufp"/>
		</Unit>
		<Unit filename="/home/filipe/Documents/university/LP1/lp1_ufp/tp05.h">
			<Option target="lp1_ufp"/>
		</Unit>
		<Unit filename="/home/filipe/Documents/university/LP1/lp1_ufp/tp06.c">
			<Option target="lp1_ufp"/>
		</Unit>
		<Unit filename="/home/filipe/Documents/university/LP1/lp1_ufp/tp06.h">
			<Option target="lp1_ufp"/>
		</Unit>
		<Unit filename="/home/filipe/Documents/university/LP1/lp1_ufp/tp07e08.c">
			<Option target="lp1_ufp"/>
		</Unit>
		<Unit filename="/home/filipe/Documents/university/LP1/lp1_ufp/tp07e08.h">
			<Option target="lp1_ufp"/>
		</Unit>
		<Unit filename="/home/filipe/Documents/university/LP1/lp1_ufp/CMakeLists.txt">
			<Option virtualFolder="CMake Files\"/>
		</Unit>
	</Project>
</CodeBlocks_project_file>
